
Microsoft Visual Studio Solution File, Format Version 12.00
# Visual Studio 15
VisualStudioVersion = 15.0.27703.2026
MinimumVisualStudioVersion = 10.0.40219.1
Project("{FAE04EC0-301F-11D3-BF4B-00C04F79EFBC}") = "ScoutAPI", "ScoutAPI\ScoutAPI.csproj", "{14EEC7D6-73ED-4D93-A794-A4DEDF2C53EF}"
EndProject
Project("{FAE04EC0-301F-11D3-BF4B-00C04F79EFBC}") = "ScoutAPI.Tests", "ScoutAPI.Tests\ScoutAPI.Tests.csproj", "{28D1D6FF-0D1C-44B1-99C4-AA1A56CD1D93}"
EndProject
Global
	GlobalSection(SolutionConfigurationPlatforms) = preSolution
		Debug|Any CPU = Debug|Any CPU
		Release|Any CPU = Release|Any CPU
	EndGlobalSection
	GlobalSection(ProjectConfigurationPlatforms) = postSolution
		{14EEC7D6-73ED-4D93-A794-A4DEDF2C53EF}.Debug|Any CPU.ActiveCfg = Debug|Any CPU
		{14EEC7D6-73ED-4D93-A794-A4DEDF2C53EF}.Debug|Any CPU.Build.0 = Debug|Any CPU
		{14EEC7D6-73ED-4D93-A794-A4DEDF2C53EF}.Release|Any CPU.ActiveCfg = Release|Any CPU
		{14EEC7D6-73ED-4D93-A794-A4DEDF2C53EF}.Release|Any CPU.Build.0 = Release|Any CPU
		{28D1D6FF-0D1C-44B1-99C4-AA1A56CD1D93}.Debug|Any CPU.ActiveCfg = Debug|Any CPU
		{28D1D6FF-0D1C-44B1-99C4-AA1A56CD1D93}.Debug|Any CPU.Build.0 = Debug|Any CPU
		{28D1D6FF-0D1C-44B1-99C4-AA1A56CD1D93}.Release|Any CPU.ActiveCfg = Release|Any CPU
		{28D1D6FF-0D1C-44B1-99C4-AA1A56CD1D93}.Release|Any CPU.Build.0 = Release|Any CPU
	EndGlobalSection
	GlobalSection(SolutionProperties) = preSolution
		HideSolutionNode = FALSE
	EndGlobalSection
	GlobalSection(ExtensibilityGlobals) = postSolution
		SolutionGuid = {8B15F18F-6F1C-40AF-82F7-DAF780068B96}
	EndGlobalSection
EndGlobal
